
Microsoft Visual Studio Solution File, Format Version 12.00
# Visual Studio 15
VisualStudioVersion = 15.0.28307.106
MinimumVisualStudioVersion = 10.0.40219.1
Project("{FAE04EC0-301F-11D3-BF4B-00C04F79EFBC}") = "DevStore.Domain", "DevStore.Domain\DevStore.Domain.csproj", "{863A7279-A7FA-48F4-811D-3F5061D1027D}"
EndProject
Global
	GlobalSection(SolutionConfigurationPlatforms) = preSolution
		Debug|Any CPU = Debug|Any CPU
		Release|Any CPU = Release|Any CPU
	EndGlobalSection
	GlobalSection(ProjectConfigurationPlatforms) = postSolution
		{863A7279-A7FA-48F4-811D-3F5061D1027D}.Debug|Any CPU.ActiveCfg = Debug|Any CPU
		{863A7279-A7FA-48F4-811D-3F5061D1027D}.Debug|Any CPU.Build.0 = Debug|Any CPU
		{863A7279-A7FA-48F4-811D-3F5061D1027D}.Release|Any CPU.ActiveCfg = Release|Any CPU
		{863A7279-A7FA-48F4-811D-3F5061D1027D}.Release|Any CPU.Build.0 = Release|Any CPU
	EndGlobalSection
	GlobalSection(SolutionProperties) = preSolution
		HideSolutionNode = FALSE
	EndGlobalSection
	GlobalSection(ExtensibilityGlobals) = postSolution
		SolutionGuid = {9431DB80-B01C-4E3A-B9FA-A0D602D791CD}
	EndGlobalSection
EndGlobal
